
Microsoft Visual Studio Solution File, Format Version 12.00
# Visual Studio Version 16
VisualStudioVersion = 16.0.30204.135
MinimumVisualStudioVersion = 10.0.40219.1
Project("{FAE04EC0-301F-11D3-BF4B-00C04F79EFBC}") = "Tilko.Sample", "Tilko.Sample\Tilko.Sample.csproj", "{6BAE98A9-5457-40B1-80B5-7F642310C8AF}"
EndProject
Global
	GlobalSection(SolutionConfigurationPlatforms) = preSolution
		Debug|Any CPU = Debug|Any CPU
		Release|Any CPU = Release|Any CPU
	EndGlobalSection
	GlobalSection(ProjectConfigurationPlatforms) = postSolution
		{6BAE98A9-5457-40B1-80B5-7F642310C8AF}.Debug|Any CPU.ActiveCfg = Debug|Any CPU
		{6BAE98A9-5457-40B1-80B5-7F642310C8AF}.Debug|Any CPU.Build.0 = Debug|Any CPU
		{6BAE98A9-5457-40B1-80B5-7F642310C8AF}.Release|Any CPU.ActiveCfg = Release|Any CPU
		{6BAE98A9-5457-40B1-80B5-7F642310C8AF}.Release|Any CPU.Build.0 = Release|Any CPU
	EndGlobalSection
	GlobalSection(SolutionProperties) = preSolution
		HideSolutionNode = FALSE
	EndGlobalSection
	GlobalSection(ExtensibilityGlobals) = postSolution
		SolutionGuid = {6A9AF3EE-4541-48BE-A88A-C8A1D4F9BDA1}
	EndGlobalSection
EndGlobal
